// !$*UTF8*$!
{
	archiveVersion = 1;
	classes = {
	};
	objectVersion = 56;
	objects = {

/* Begin PBXBuildFile section */
		9853221529B6A251007B3BFE /* RepositoryCategoryListView.swift in Sources */ = {isa = PBXBuildFile; fileRef = 9853221229B6A251007B3BFE /* RepositoryCategoryListView.swift */; };
		9853221629B6A251007B3BFE /* RepositoryCategoryRowView.swift in Sources */ = {isa = PBXBuildFile; fileRef = 9853221329B6A251007B3BFE /* RepositoryCategoryRowView.swift */; };
		9853221729B6A251007B3BFE /* RepositoryCategoryItemView.swift in Sources */ = {isa = PBXBuildFile; fileRef = 9853221429B6A251007B3BFE /* RepositoryCategoryItemView.swift */; };
		988F92AC29B43AA800EF6C79 /* RepositoryListViewTests.swift in Sources */ = {isa = PBXBuildFile; fileRef = 988F92AB29B43AA800EF6C79 /* RepositoryListViewTests.swift */; };
		988F92AE29B4414100EF6C79 /* RepositoryDetailViewTests.swift in Sources */ = {isa = PBXBuildFile; fileRef = 988F92AD29B4414100EF6C79 /* RepositoryDetailViewTests.swift */; };
		98BF864E29B1D86100557CB0 /* GitHubRepositorySearcher_SwiftUIApp.swift in Sources */ = {isa = PBXBuildFile; fileRef = 98BF864D29B1D86100557CB0 /* GitHubRepositorySearcher_SwiftUIApp.swift */; };
		98BF865029B1D86100557CB0 /* RepositoryListView.swift in Sources */ = {isa = PBXBuildFile; fileRef = 98BF864F29B1D86100557CB0 /* RepositoryListView.swift */; };
		98BF865229B1D86200557CB0 /* Assets.xcassets in Resources */ = {isa = PBXBuildFile; fileRef = 98BF865129B1D86200557CB0 /* Assets.xcassets */; };
		98BF865529B1D86200557CB0 /* Preview Assets.xcassets in Resources */ = {isa = PBXBuildFile; fileRef = 98BF865429B1D86200557CB0 /* Preview Assets.xcassets */; };
		98BF865F29B1D86300557CB0 /* GitHubRepositorySearcher_SwiftUITests.swift in Sources */ = {isa = PBXBuildFile; fileRef = 98BF865E29B1D86300557CB0 /* GitHubRepositorySearcher_SwiftUITests.swift */; };
		98BF866929B1D86300557CB0 /* GitHubRepositorySearcher_SwiftUIUITests.swift in Sources */ = {isa = PBXBuildFile; fileRef = 98BF866829B1D86300557CB0 /* GitHubRepositorySearcher_SwiftUIUITests.swift */; };
		98BF866B29B1D86300557CB0 /* GitHubRepositorySearcher_SwiftUIUITestsLaunchTests.swift in Sources */ = {isa = PBXBuildFile; fileRef = 98BF866A29B1D86300557CB0 /* GitHubRepositorySearcher_SwiftUIUITestsLaunchTests.swift */; };
		98BF867B29B1D93500557CB0 /* Response.swift in Sources */ = {isa = PBXBuildFile; fileRef = 98BF867A29B1D93500557CB0 /* Response.swift */; };
		98BF867D29B1D94100557CB0 /* Repository.swift in Sources */ = {isa = PBXBuildFile; fileRef = 98BF867C29B1D94100557CB0 /* Repository.swift */; };
		98BF867F29B1D95C00557CB0 /* GitHubAPIService.swift in Sources */ = {isa = PBXBuildFile; fileRef = 98BF867E29B1D95C00557CB0 /* GitHubAPIService.swift */; };
		98BF868129B1DA4C00557CB0 /* RepositoryListViewModel.swift in Sources */ = {isa = PBXBuildFile; fileRef = 98BF868029B1DA4C00557CB0 /* RepositoryListViewModel.swift */; };
		98BF868329B1DA6300557CB0 /* RepositoryDetailViewModel.swift in Sources */ = {isa = PBXBuildFile; fileRef = 98BF868229B1DA6300557CB0 /* RepositoryDetailViewModel.swift */; };
		98BF868829B1DE5A00557CB0 /* RepositoryListCellView.swift in Sources */ = {isa = PBXBuildFile; fileRef = 98BF868729B1DE5A00557CB0 /* RepositoryListCellView.swift */; };
		98BF868A29B1DF7A00557CB0 /* RepositoryDetailView.swift in Sources */ = {isa = PBXBuildFile; fileRef = 98BF868929B1DF7A00557CB0 /* RepositoryDetailView.swift */; };
		98BF869829B3109D00557CB0 /* LocalizedAlertError.swift in Sources */ = {isa = PBXBuildFile; fileRef = 98BF869729B3109D00557CB0 /* LocalizedAlertError.swift */; };
		98BF869929B3109D00557CB0 /* LocalizedAlertError.swift in Sources */ = {isa = PBXBuildFile; fileRef = 98BF869729B3109D00557CB0 /* LocalizedAlertError.swift */; };
		98BF869A29B3109D00557CB0 /* LocalizedAlertError.swift in Sources */ = {isa = PBXBuildFile; fileRef = 98BF869729B3109D00557CB0 /* LocalizedAlertError.swift */; };
		98BF869C29B311AD00557CB0 /* Views+Utils.swift in Sources */ = {isa = PBXBuildFile; fileRef = 98BF869B29B311AD00557CB0 /* Views+Utils.swift */; };
		98BF869D29B311AD00557CB0 /* Views+Utils.swift in Sources */ = {isa = PBXBuildFile; fileRef = 98BF869B29B311AD00557CB0 /* Views+Utils.swift */; };
		98BF869E29B311AD00557CB0 /* Views+Utils.swift in Sources */ = {isa = PBXBuildFile; fileRef = 98BF869B29B311AD00557CB0 /* Views+Utils.swift */; };
		98BF86A529B32A6700557CB0 /* Loader.swift in Sources */ = {isa = PBXBuildFile; fileRef = 98BF86A429B32A6700557CB0 /* Loader.swift */; };
		98BF86A629B32A6700557CB0 /* Loader.swift in Sources */ = {isa = PBXBuildFile; fileRef = 98BF86A429B32A6700557CB0 /* Loader.swift */; };
		98BF86A729B32A6700557CB0 /* Loader.swift in Sources */ = {isa = PBXBuildFile; fileRef = 98BF86A429B32A6700557CB0 /* Loader.swift */; };
		98BF86AE29B32FCB00557CB0 /* ResponseTests.swift in Sources */ = {isa = PBXBuildFile; fileRef = 98BF86AD29B32FCB00557CB0 /* ResponseTests.swift */; };
		98BF86B029B3304400557CB0 /* XCTestCase+Utils.swift in Sources */ = {isa = PBXBuildFile; fileRef = 98BF86AF29B3304400557CB0 /* XCTestCase+Utils.swift */; };
		98BF86B629B3339700557CB0 /* RepositoryTests.swift in Sources */ = {isa = PBXBuildFile; fileRef = 98BF86B529B3339700557CB0 /* RepositoryTests.swift */; };
		98BF86B929B3340100557CB0 /* sampleResponse.json in Resources */ = {isa = PBXBuildFile; fileRef = 98BF86B829B3340100557CB0 /* sampleResponse.json */; };
		98BF86BA29B3340100557CB0 /* sampleResponse.json in Resources */ = {isa = PBXBuildFile; fileRef = 98BF86B829B3340100557CB0 /* sampleResponse.json */; };
		98BF86C029B3343D00557CB0 /* sampleRepositoryNilAvatarURL.json in Resources */ = {isa = PBXBuildFile; fileRef = 98BF86BB29B3343D00557CB0 /* sampleRepositoryNilAvatarURL.json */; };
		98BF86C129B3343D00557CB0 /* sampleRepositoryNilAvatarURL.json in Resources */ = {isa = PBXBuildFile; fileRef = 98BF86BB29B3343D00557CB0 /* sampleRepositoryNilAvatarURL.json */; };
		98BF86C229B3343D00557CB0 /* sampleRepositoryNilDateTime.json in Resources */ = {isa = PBXBuildFile; fileRef = 98BF86BC29B3343D00557CB0 /* sampleRepositoryNilDateTime.json */; };
		98BF86C329B3343D00557CB0 /* sampleRepositoryNilDateTime.json in Resources */ = {isa = PBXBuildFile; fileRef = 98BF86BC29B3343D00557CB0 /* sampleRepositoryNilDateTime.json */; };
		98BF86C429B3343E00557CB0 /* sampleResponseParsingError.json in Resources */ = {isa = PBXBuildFile; fileRef = 98BF86BD29B3343D00557CB0 /* sampleResponseParsingError.json */; };
		98BF86C529B3343E00557CB0 /* sampleResponseParsingError.json in Resources */ = {isa = PBXBuildFile; fileRef = 98BF86BD29B3343D00557CB0 /* sampleResponseParsingError.json */; };
		98BF86C629B3343E00557CB0 /* sampleRepository.json in Resources */ = {isa = PBXBuildFile; fileRef = 98BF86BE29B3343D00557CB0 /* sampleRepository.json */; };
		98BF86C729B3343E00557CB0 /* sampleRepository.json in Resources */ = {isa = PBXBuildFile; fileRef = 98BF86BE29B3343D00557CB0 /* sampleRepository.json */; };
		98BF86C829B3343E00557CB0 /* sampleResponseBadRequest.json in Resources */ = {isa = PBXBuildFile; fileRef = 98BF86BF29B3343D00557CB0 /* sampleResponseBadRequest.json */; };
		98BF86C929B3343E00557CB0 /* sampleResponseBadRequest.json in Resources */ = {isa = PBXBuildFile; fileRef = 98BF86BF29B3343D00557CB0 /* sampleResponseBadRequest.json */; };
		98BF86CB29B3346F00557CB0 /* GitHubAPIServiceTests.swift in Sources */ = {isa = PBXBuildFile; fileRef = 98BF86CA29B3346F00557CB0 /* GitHubAPIServiceTests.swift */; };
		98BF86DB29B33E8600557CB0 /* sampleResponseNoResult.json in Resources */ = {isa = PBXBuildFile; fileRef = 98BF86DA29B33E8500557CB0 /* sampleResponseNoResult.json */; };
		98BF86DC29B33E8600557CB0 /* sampleResponseNoResult.json in Resources */ = {isa = PBXBuildFile; fileRef = 98BF86DA29B33E8500557CB0 /* sampleResponseNoResult.json */; };
		98BF86DE29B3674500557CB0 /* RepositoryDetailViewModelTests.swift in Sources */ = {isa = PBXBuildFile; fileRef = 98BF86DD29B3674500557CB0 /* RepositoryDetailViewModelTests.swift */; };
		98BF86E029B367E700557CB0 /* RepositoryListViewModelTests.swift in Sources */ = {isa = PBXBuildFile; fileRef = 98BF86DF29B367E700557CB0 /* RepositoryListViewModelTests.swift */; };
		98BF86E329B3EE9E00557CB0 /* OHHTTPStubs in Frameworks */ = {isa = PBXBuildFile; productRef = 98BF86E229B3EE9E00557CB0 /* OHHTTPStubs */; };
		98BF86E529B3EE9E00557CB0 /* OHHTTPStubsSwift in Frameworks */ = {isa = PBXBuildFile; productRef = 98BF86E429B3EE9E00557CB0 /* OHHTTPStubsSwift */; };
/* End PBXBuildFile section */

/* Begin PBXContainerItemProxy section */
		98BF86B129B332A800557CB0 /* PBXContainerItemProxy */ = {
			isa = PBXContainerItemProxy;
			containerPortal = 98BF864229B1D86100557CB0 /* Project object */;
			proxyType = 1;
			remoteGlobalIDString = 98BF864929B1D86100557CB0;
			remoteInfo = GitHubRepositorySearcher_SwiftUI;
		};
		98BF86B329B332AC00557CB0 /* PBXContainerItemProxy */ = {
			isa = PBXContainerItemProxy;
			containerPortal = 98BF864229B1D86100557CB0 /* Project object */;
			proxyType = 1;
			remoteGlobalIDString = 98BF864929B1D86100557CB0;
			remoteInfo = GitHubRepositorySearcher_SwiftUI;
		};
/* End PBXContainerItemProxy section */

/* Begin PBXFileReference section */
		9853221229B6A251007B3BFE /* RepositoryCategoryListView.swift */ = {isa = PBXFileReference; fileEncoding = 4; lastKnownFileType = sourcecode.swift; path = RepositoryCategoryListView.swift; sourceTree = "<group>"; };
		9853221329B6A251007B3BFE /* RepositoryCategoryRowView.swift */ = {isa = PBXFileReference; fileEncoding = 4; lastKnownFileType = sourcecode.swift; path = RepositoryCategoryRowView.swift; sourceTree = "<group>"; };
		9853221429B6A251007B3BFE /* RepositoryCategoryItemView.swift */ = {isa = PBXFileReference; fileEncoding = 4; lastKnownFileType = sourcecode.swift; path = RepositoryCategoryItemView.swift; sourceTree = "<group>"; };
		988F92AB29B43AA800EF6C79 /* RepositoryListViewTests.swift */ = {isa = PBXFileReference; lastKnownFileType = sourcecode.swift; path = RepositoryListViewTests.swift; sourceTree = "<group>"; };
		988F92AD29B4414100EF6C79 /* RepositoryDetailViewTests.swift */ = {isa = PBXFileReference; lastKnownFileType = sourcecode.swift; path = RepositoryDetailViewTests.swift; sourceTree = "<group>"; };
		98BF864A29B1D86100557CB0 /* GitHubRepositorySearcher_SwiftUI.app */ = {isa = PBXFileReference; explicitFileType = wrapper.application; includeInIndex = 0; path = GitHubRepositorySearcher_SwiftUI.app; sourceTree = BUILT_PRODUCTS_DIR; };
		98BF864D29B1D86100557CB0 /* GitHubRepositorySearcher_SwiftUIApp.swift */ = {isa = PBXFileReference; lastKnownFileType = sourcecode.swift; path = GitHubRepositorySearcher_SwiftUIApp.swift; sourceTree = "<group>"; };
		98BF864F29B1D86100557CB0 /* RepositoryListView.swift */ = {isa = PBXFileReference; lastKnownFileType = sourcecode.swift; path = RepositoryListView.swift; sourceTree = "<group>"; };
		98BF865129B1D86200557CB0 /* Assets.xcassets */ = {isa = PBXFileReference; lastKnownFileType = folder.assetcatalog; path = Assets.xcassets; sourceTree = "<group>"; };
		98BF865429B1D86200557CB0 /* Preview Assets.xcassets */ = {isa = PBXFileReference; lastKnownFileType = folder.assetcatalog; path = "Preview Assets.xcassets"; sourceTree = "<group>"; };
		98BF865A29B1D86300557CB0 /* GitHubRepositorySearcher_SwiftUITests.xctest */ = {isa = PBXFileReference; explicitFileType = wrapper.cfbundle; includeInIndex = 0; path = GitHubRepositorySearcher_SwiftUITests.xctest; sourceTree = BUILT_PRODUCTS_DIR; };
		98BF865E29B1D86300557CB0 /* GitHubRepositorySearcher_SwiftUITests.swift */ = {isa = PBXFileReference; lastKnownFileType = sourcecode.swift; path = GitHubRepositorySearcher_SwiftUITests.swift; sourceTree = "<group>"; };
		98BF866429B1D86300557CB0 /* GitHubRepositorySearcher_SwiftUIUITests.xctest */ = {isa = PBXFileReference; explicitFileType = wrapper.cfbundle; includeInIndex = 0; path = GitHubRepositorySearcher_SwiftUIUITests.xctest; sourceTree = BUILT_PRODUCTS_DIR; };
		98BF866829B1D86300557CB0 /* GitHubRepositorySearcher_SwiftUIUITests.swift */ = {isa = PBXFileReference; lastKnownFileType = sourcecode.swift; path = GitHubRepositorySearcher_SwiftUIUITests.swift; sourceTree = "<group>"; };
		98BF866A29B1D86300557CB0 /* GitHubRepositorySearcher_SwiftUIUITestsLaunchTests.swift */ = {isa = PBXFileReference; lastKnownFileType = sourcecode.swift; path = GitHubRepositorySearcher_SwiftUIUITestsLaunchTests.swift; sourceTree = "<group>"; };
		98BF867A29B1D93500557CB0 /* Response.swift */ = {isa = PBXFileReference; lastKnownFileType = sourcecode.swift; path = Response.swift; sourceTree = "<group>"; };
		98BF867C29B1D94100557CB0 /* Repository.swift */ = {isa = PBXFileReference; lastKnownFileType = sourcecode.swift; path = Repository.swift; sourceTree = "<group>"; };
		98BF867E29B1D95C00557CB0 /* GitHubAPIService.swift */ = {isa = PBXFileReference; lastKnownFileType = sourcecode.swift; path = GitHubAPIService.swift; sourceTree = "<group>"; };
		98BF868029B1DA4C00557CB0 /* RepositoryListViewModel.swift */ = {isa = PBXFileReference; lastKnownFileType = sourcecode.swift; path = RepositoryListViewModel.swift; sourceTree = "<group>"; };
		98BF868229B1DA6300557CB0 /* RepositoryDetailViewModel.swift */ = {isa = PBXFileReference; lastKnownFileType = sourcecode.swift; path = RepositoryDetailViewModel.swift; sourceTree = "<group>"; };
		98BF868729B1DE5A00557CB0 /* RepositoryListCellView.swift */ = {isa = PBXFileReference; lastKnownFileType = sourcecode.swift; path = RepositoryListCellView.swift; sourceTree = "<group>"; };
		98BF868929B1DF7A00557CB0 /* RepositoryDetailView.swift */ = {isa = PBXFileReference; lastKnownFileType = sourcecode.swift; path = RepositoryDetailView.swift; sourceTree = "<group>"; };
		98BF869729B3109D00557CB0 /* LocalizedAlertError.swift */ = {isa = PBXFileReference; lastKnownFileType = sourcecode.swift; path = LocalizedAlertError.swift; sourceTree = "<group>"; };
		98BF869B29B311AD00557CB0 /* Views+Utils.swift */ = {isa = PBXFileReference; lastKnownFileType = sourcecode.swift; path = "Views+Utils.swift"; sourceTree = "<group>"; };
		98BF86A329B31E2D00557CB0 /* GitHubRepositorySearcher-SwiftUI-Info.plist */ = {isa = PBXFileReference; lastKnownFileType = text.plist; path = "GitHubRepositorySearcher-SwiftUI-Info.plist"; sourceTree = SOURCE_ROOT; };
		98BF86A429B32A6700557CB0 /* Loader.swift */ = {isa = PBXFileReference; lastKnownFileType = sourcecode.swift; path = Loader.swift; sourceTree = "<group>"; };
		98BF86AD29B32FCB00557CB0 /* ResponseTests.swift */ = {isa = PBXFileReference; lastKnownFileType = sourcecode.swift; path = ResponseTests.swift; sourceTree = "<group>"; };
		98BF86AF29B3304400557CB0 /* XCTestCase+Utils.swift */ = {isa = PBXFileReference; lastKnownFileType = sourcecode.swift; path = "XCTestCase+Utils.swift"; sourceTree = "<group>"; };
		98BF86B529B3339700557CB0 /* RepositoryTests.swift */ = {isa = PBXFileReference; lastKnownFileType = sourcecode.swift; path = RepositoryTests.swift; sourceTree = "<group>"; };
		98BF86B829B3340100557CB0 /* sampleResponse.json */ = {isa = PBXFileReference; fileEncoding = 4; lastKnownFileType = text.json; path = sampleResponse.json; sourceTree = "<group>"; };
		98BF86BB29B3343D00557CB0 /* sampleRepositoryNilAvatarURL.json */ = {isa = PBXFileReference; fileEncoding = 4; lastKnownFileType = text.json; path = sampleRepositoryNilAvatarURL.json; sourceTree = "<group>"; };
		98BF86BC29B3343D00557CB0 /* sampleRepositoryNilDateTime.json */ = {isa = PBXFileReference; fileEncoding = 4; lastKnownFileType = text.json; path = sampleRepositoryNilDateTime.json; sourceTree = "<group>"; };
		98BF86BD29B3343D00557CB0 /* sampleResponseParsingError.json */ = {isa = PBXFileReference; fileEncoding = 4; lastKnownFileType = text.json; path = sampleResponseParsingError.json; sourceTree = "<group>"; };
		98BF86BE29B3343D00557CB0 /* sampleRepository.json */ = {isa = PBXFileReference; fileEncoding = 4; lastKnownFileType = text.json; path = sampleRepository.json; sourceTree = "<group>"; };
		98BF86BF29B3343D00557CB0 /* sampleResponseBadRequest.json */ = {isa = PBXFileReference; fileEncoding = 4; lastKnownFileType = text.json; path = sampleResponseBadRequest.json; sourceTree = "<group>"; };
		98BF86CA29B3346F00557CB0 /* GitHubAPIServiceTests.swift */ = {isa = PBXFileReference; lastKnownFileType = sourcecode.swift; path = GitHubAPIServiceTests.swift; sourceTree = "<group>"; };
		98BF86DA29B33E8500557CB0 /* sampleResponseNoResult.json */ = {isa = PBXFileReference; fileEncoding = 4; lastKnownFileType = text.json; path = sampleResponseNoResult.json; sourceTree = "<group>"; };
		98BF86DD29B3674500557CB0 /* RepositoryDetailViewModelTests.swift */ = {isa = PBXFileReference; lastKnownFileType = sourcecode.swift; path = RepositoryDetailViewModelTests.swift; sourceTree = "<group>"; };
		98BF86DF29B367E700557CB0 /* RepositoryListViewModelTests.swift */ = {isa = PBXFileReference; lastKnownFileType = sourcecode.swift; path = RepositoryListViewModelTests.swift; sourceTree = "<group>"; };
/* End PBXFileReference section */

/* Begin PBXFrameworksBuildPhase section */
		98BF864729B1D86100557CB0 /* Frameworks */ = {
			isa = PBXFrameworksBuildPhase;
			buildActionMask = 2147483647;
			files = (
			);
			runOnlyForDeploymentPostprocessing = 0;
		};
		98BF865729B1D86300557CB0 /* Frameworks */ = {
			isa = PBXFrameworksBuildPhase;
			buildActionMask = 2147483647;
			files = (
				98BF86E329B3EE9E00557CB0 /* OHHTTPStubs in Frameworks */,
				98BF86E529B3EE9E00557CB0 /* OHHTTPStubsSwift in Frameworks */,
			);
			runOnlyForDeploymentPostprocessing = 0;
		};
		98BF866129B1D86300557CB0 /* Frameworks */ = {
			isa = PBXFrameworksBuildPhase;
			buildActionMask = 2147483647;
			files = (
			);
			runOnlyForDeploymentPostprocessing = 0;
		};
/* End PBXFrameworksBuildPhase section */

/* Begin PBXGroup section */
		98BF864129B1D86100557CB0 = {
			isa = PBXGroup;
			children = (
				98BF86B729B333E800557CB0 /* SampleData */,
				98BF864C29B1D86100557CB0 /* GitHubRepositorySearcher_SwiftUI */,
				98BF865D29B1D86300557CB0 /* GitHubRepositorySearcher_SwiftUITests */,
				98BF866729B1D86300557CB0 /* GitHubRepositorySearcher_SwiftUIUITests */,
				98BF864B29B1D86100557CB0 /* Products */,
				98BF86D529B3351900557CB0 /* Frameworks */,
			);
			sourceTree = "<group>";
		};
		98BF864B29B1D86100557CB0 /* Products */ = {
			isa = PBXGroup;
			children = (
				98BF864A29B1D86100557CB0 /* GitHubRepositorySearcher_SwiftUI.app */,
				98BF865A29B1D86300557CB0 /* GitHubRepositorySearcher_SwiftUITests.xctest */,
				98BF866429B1D86300557CB0 /* GitHubRepositorySearcher_SwiftUIUITests.xctest */,
			);
			name = Products;
			sourceTree = "<group>";
		};
		98BF864C29B1D86100557CB0 /* GitHubRepositorySearcher_SwiftUI */ = {
			isa = PBXGroup;
			children = (
				98BF86A329B31E2D00557CB0 /* GitHubRepositorySearcher-SwiftUI-Info.plist */,
				98BF867929B1D8FD00557CB0 /* ViewModels */,
				98BF867829B1D8F500557CB0 /* Views */,
				98BF867729B1D8EE00557CB0 /* Models */,
				98BF864D29B1D86100557CB0 /* GitHubRepositorySearcher_SwiftUIApp.swift */,
				98BF865129B1D86200557CB0 /* Assets.xcassets */,
				98BF865329B1D86200557CB0 /* Preview Content */,
			);
			path = GitHubRepositorySearcher_SwiftUI;
			sourceTree = "<group>";
		};
		98BF865329B1D86200557CB0 /* Preview Content */ = {
			isa = PBXGroup;
			children = (
				98BF865429B1D86200557CB0 /* Preview Assets.xcassets */,
			);
			path = "Preview Content";
			sourceTree = "<group>";
		};
		98BF865D29B1D86300557CB0 /* GitHubRepositorySearcher_SwiftUITests */ = {
			isa = PBXGroup;
			children = (
				98BF865E29B1D86300557CB0 /* GitHubRepositorySearcher_SwiftUITests.swift */,
				98BF86AD29B32FCB00557CB0 /* ResponseTests.swift */,
				98BF86B529B3339700557CB0 /* RepositoryTests.swift */,
				98BF86CA29B3346F00557CB0 /* GitHubAPIServiceTests.swift */,
				98BF86DD29B3674500557CB0 /* RepositoryDetailViewModelTests.swift */,
				98BF86AF29B3304400557CB0 /* XCTestCase+Utils.swift */,
				98BF86DF29B367E700557CB0 /* RepositoryListViewModelTests.swift */,
			);
			path = GitHubRepositorySearcher_SwiftUITests;
			sourceTree = "<group>";
		};
		98BF866729B1D86300557CB0 /* GitHubRepositorySearcher_SwiftUIUITests */ = {
			isa = PBXGroup;
			children = (
				98BF866829B1D86300557CB0 /* GitHubRepositorySearcher_SwiftUIUITests.swift */,
				988F92AB29B43AA800EF6C79 /* RepositoryListViewTests.swift */,
				988F92AD29B4414100EF6C79 /* RepositoryDetailViewTests.swift */,
				98BF866A29B1D86300557CB0 /* GitHubRepositorySearcher_SwiftUIUITestsLaunchTests.swift */,
			);
			path = GitHubRepositorySearcher_SwiftUIUITests;
			sourceTree = "<group>";
		};
		98BF867729B1D8EE00557CB0 /* Models */ = {
			isa = PBXGroup;
			children = (
				98BF867A29B1D93500557CB0 /* Response.swift */,
				98BF867C29B1D94100557CB0 /* Repository.swift */,
				98BF867E29B1D95C00557CB0 /* GitHubAPIService.swift */,
				98BF869729B3109D00557CB0 /* LocalizedAlertError.swift */,
			);
			path = Models;
			sourceTree = "<group>";
		};
		98BF867829B1D8F500557CB0 /* Views */ = {
			isa = PBXGroup;
			children = (
				98BF864F29B1D86100557CB0 /* RepositoryListView.swift */,
				98BF86A429B32A6700557CB0 /* Loader.swift */,
				98BF868929B1DF7A00557CB0 /* RepositoryDetailView.swift */,
				98BF868729B1DE5A00557CB0 /* RepositoryListCellView.swift */,
				9853221429B6A251007B3BFE /* RepositoryCategoryItemView.swift */,
				9853221229B6A251007B3BFE /* RepositoryCategoryListView.swift */,
				9853221329B6A251007B3BFE /* RepositoryCategoryRowView.swift */,
				98BF869B29B311AD00557CB0 /* Views+Utils.swift */,
			);
			path = Views;
			sourceTree = "<group>";
		};
		98BF867929B1D8FD00557CB0 /* ViewModels */ = {
			isa = PBXGroup;
			children = (
				98BF868029B1DA4C00557CB0 /* RepositoryListViewModel.swift */,
				98BF868229B1DA6300557CB0 /* RepositoryDetailViewModel.swift */,
			);
			path = ViewModels;
			sourceTree = "<group>";
		};
		98BF86B729B333E800557CB0 /* SampleData */ = {
			isa = PBXGroup;
			children = (
				98BF86DA29B33E8500557CB0 /* sampleResponseNoResult.json */,
				98BF86B829B3340100557CB0 /* sampleResponse.json */,
				98BF86BE29B3343D00557CB0 /* sampleRepository.json */,
				98BF86BB29B3343D00557CB0 /* sampleRepositoryNilAvatarURL.json */,
				98BF86BC29B3343D00557CB0 /* sampleRepositoryNilDateTime.json */,
				98BF86BF29B3343D00557CB0 /* sampleResponseBadRequest.json */,
				98BF86BD29B3343D00557CB0 /* sampleResponseParsingError.json */,
			);
			path = SampleData;
			sourceTree = "<group>";
		};
		98BF86D529B3351900557CB0 /* Frameworks */ = {
			isa = PBXGroup;
			children = (
			);
			name = Frameworks;
			sourceTree = "<group>";
		};
/* End PBXGroup section */

/* Begin PBXNativeTarget section */
		98BF864929B1D86100557CB0 /* GitHubRepositorySearcher_SwiftUI */ = {
			isa = PBXNativeTarget;
			buildConfigurationList = 98BF866E29B1D86300557CB0 /* Build configuration list for PBXNativeTarget "GitHubRepositorySearcher_SwiftUI" */;
			buildPhases = (
				98BF864629B1D86100557CB0 /* Sources */,
				98BF864729B1D86100557CB0 /* Frameworks */,
				98BF864829B1D86100557CB0 /* Resources */,
			);
			buildRules = (
			);
			dependencies = (
			);
			name = GitHubRepositorySearcher_SwiftUI;
			packageProductDependencies = (
			);
			productName = GitHubRepositorySearcher_SwiftUI;
			productReference = 98BF864A29B1D86100557CB0 /* GitHubRepositorySearcher_SwiftUI.app */;
			productType = "com.apple.product-type.application";
		};
		98BF865929B1D86300557CB0 /* GitHubRepositorySearcher_SwiftUITests */ = {
			isa = PBXNativeTarget;
			buildConfigurationList = 98BF867129B1D86300557CB0 /* Build configuration list for PBXNativeTarget "GitHubRepositorySearcher_SwiftUITests" */;
			buildPhases = (
				98BF865629B1D86300557CB0 /* Sources */,
				98BF865729B1D86300557CB0 /* Frameworks */,
				98BF865829B1D86300557CB0 /* Resources */,
			);
			buildRules = (
			);
			dependencies = (
				98BF86D229B3351100557CB0 /* PBXTargetDependency */,
				98BF86D429B3351100557CB0 /* PBXTargetDependency */,
				98BF86B429B332AC00557CB0 /* PBXTargetDependency */,
			);
			name = GitHubRepositorySearcher_SwiftUITests;
			packageProductDependencies = (
				98BF86E229B3EE9E00557CB0 /* OHHTTPStubs */,
				98BF86E429B3EE9E00557CB0 /* OHHTTPStubsSwift */,
			);
			productName = GitHubRepositorySearcher_SwiftUITests;
			productReference = 98BF865A29B1D86300557CB0 /* GitHubRepositorySearcher_SwiftUITests.xctest */;
			productType = "com.apple.product-type.bundle.unit-test";
		};
		98BF866329B1D86300557CB0 /* GitHubRepositorySearcher_SwiftUIUITests */ = {
			isa = PBXNativeTarget;
			buildConfigurationList = 98BF867429B1D86300557CB0 /* Build configuration list for PBXNativeTarget "GitHubRepositorySearcher_SwiftUIUITests" */;
			buildPhases = (
				98BF866029B1D86300557CB0 /* Sources */,
				98BF866129B1D86300557CB0 /* Frameworks */,
				98BF866229B1D86300557CB0 /* Resources */,
			);
			buildRules = (
			);
			dependencies = (
				98BF86B229B332A800557CB0 /* PBXTargetDependency */,
			);
			name = GitHubRepositorySearcher_SwiftUIUITests;
			productName = GitHubRepositorySearcher_SwiftUIUITests;
			productReference = 98BF866429B1D86300557CB0 /* GitHubRepositorySearcher_SwiftUIUITests.xctest */;
			productType = "com.apple.product-type.bundle.ui-testing";
		};
/* End PBXNativeTarget section */

/* Begin PBXProject section */
		98BF864229B1D86100557CB0 /* Project object */ = {
			isa = PBXProject;
			attributes = {
				BuildIndependentTargetsInParallel = 1;
				LastSwiftUpdateCheck = 1420;
				LastUpgradeCheck = 1420;
				TargetAttributes = {
					98BF864929B1D86100557CB0 = {
						CreatedOnToolsVersion = 14.2;
					};
					98BF865929B1D86300557CB0 = {
						CreatedOnToolsVersion = 14.2;
						TestTargetID = 98BF864929B1D86100557CB0;
					};
					98BF866329B1D86300557CB0 = {
						CreatedOnToolsVersion = 14.2;
						TestTargetID = 98BF864929B1D86100557CB0;
					};
				};
			};
			buildConfigurationList = 98BF864529B1D86100557CB0 /* Build configuration list for PBXProject "GitHubRepositorySearcher_SwiftUI" */;
			compatibilityVersion = "Xcode 14.0";
			developmentRegion = en;
			hasScannedForEncodings = 0;
			knownRegions = (
				en,
				Base,
			);
			mainGroup = 98BF864129B1D86100557CB0;
			packageReferences = (
				98BF86E129B3EE9E00557CB0 /* XCRemoteSwiftPackageReference "OHHTTPStubs" */,
			);
			productRefGroup = 98BF864B29B1D86100557CB0 /* Products */;
			projectDirPath = "";
			projectRoot = "";
			targets = (
				98BF864929B1D86100557CB0 /* GitHubRepositorySearcher_SwiftUI */,
				98BF865929B1D86300557CB0 /* GitHubRepositorySearcher_SwiftUITests */,
				98BF866329B1D86300557CB0 /* GitHubRepositorySearcher_SwiftUIUITests */,
			);
		};
/* End PBXProject section */

/* Begin PBXResourcesBuildPhase section */
		98BF864829B1D86100557CB0 /* Resources */ = {
			isa = PBXResourcesBuildPhase;
			buildActionMask = 2147483647;
			files = (
				98BF865529B1D86200557CB0 /* Preview Assets.xcassets in Resources */,
				98BF865229B1D86200557CB0 /* Assets.xcassets in Resources */,
			);
			runOnlyForDeploymentPostprocessing = 0;
		};
		98BF865829B1D86300557CB0 /* Resources */ = {
			isa = PBXResourcesBuildPhase;
			buildActionMask = 2147483647;
			files = (
				98BF86DB29B33E8600557CB0 /* sampleResponseNoResult.json in Resources */,
				98BF86C629B3343E00557CB0 /* sampleRepository.json in Resources */,
				98BF86C029B3343D00557CB0 /* sampleRepositoryNilAvatarURL.json in Resources */,
				98BF86C829B3343E00557CB0 /* sampleResponseBadRequest.json in Resources */,
				98BF86B929B3340100557CB0 /* sampleResponse.json in Resources */,
				98BF86C429B3343E00557CB0 /* sampleResponseParsingError.json in Resources */,
				98BF86C229B3343D00557CB0 /* sampleRepositoryNilDateTime.json in Resources */,
			);
			runOnlyForDeploymentPostprocessing = 0;
		};
		98BF866229B1D86300557CB0 /* Resources */ = {
			isa = PBXResourcesBuildPhase;
			buildActionMask = 2147483647;
			files = (
				98BF86DC29B33E8600557CB0 /* sampleResponseNoResult.json in Resources */,
				98BF86C729B3343E00557CB0 /* sampleRepository.json in Resources */,
				98BF86C129B3343D00557CB0 /* sampleRepositoryNilAvatarURL.json in Resources */,
				98BF86C929B3343E00557CB0 /* sampleResponseBadRequest.json in Resources */,
				98BF86BA29B3340100557CB0 /* sampleResponse.json in Resources */,
				98BF86C529B3343E00557CB0 /* sampleResponseParsingError.json in Resources */,
				98BF86C329B3343D00557CB0 /* sampleRepositoryNilDateTime.json in Resources */,
			);
			runOnlyForDeploymentPostprocessing = 0;
		};
/* End PBXResourcesBuildPhase section */

/* Begin PBXSourcesBuildPhase section */
		98BF864629B1D86100557CB0 /* Sources */ = {
			isa = PBXSourcesBuildPhase;
			buildActionMask = 2147483647;
			files = (
				98BF868329B1DA6300557CB0 /* RepositoryDetailViewModel.swift in Sources */,
				98BF868129B1DA4C00557CB0 /* RepositoryListViewModel.swift in Sources */,
				98BF86A529B32A6700557CB0 /* Loader.swift in Sources */,
				98BF865029B1D86100557CB0 /* RepositoryListView.swift in Sources */,
				98BF867B29B1D93500557CB0 /* Response.swift in Sources */,
				9853221629B6A251007B3BFE /* RepositoryCategoryRowView.swift in Sources */,
				98BF867F29B1D95C00557CB0 /* GitHubAPIService.swift in Sources */,
				9853221729B6A251007B3BFE /* RepositoryCategoryItemView.swift in Sources */,
				98BF869829B3109D00557CB0 /* LocalizedAlertError.swift in Sources */,
				9853221529B6A251007B3BFE /* RepositoryCategoryListView.swift in Sources */,
				98BF869C29B311AD00557CB0 /* Views+Utils.swift in Sources */,
				98BF864E29B1D86100557CB0 /* GitHubRepositorySearcher_SwiftUIApp.swift in Sources */,
				98BF868A29B1DF7A00557CB0 /* RepositoryDetailView.swift in Sources */,
				98BF867D29B1D94100557CB0 /* Repository.swift in Sources */,
				98BF868829B1DE5A00557CB0 /* RepositoryListCellView.swift in Sources */,
			);
			runOnlyForDeploymentPostprocessing = 0;
		};
		98BF865629B1D86300557CB0 /* Sources */ = {
			isa = PBXSourcesBuildPhase;
			buildActionMask = 2147483647;
			files = (
				98BF869D29B311AD00557CB0 /* Views+Utils.swift in Sources */,
				98BF86B629B3339700557CB0 /* RepositoryTests.swift in Sources */,
				98BF865F29B1D86300557CB0 /* GitHubRepositorySearcher_SwiftUITests.swift in Sources */,
				98BF86B029B3304400557CB0 /* XCTestCase+Utils.swift in Sources */,
				98BF86A629B32A6700557CB0 /* Loader.swift in Sources */,
				98BF86DE29B3674500557CB0 /* RepositoryDetailViewModelTests.swift in Sources */,
				98BF86E029B367E700557CB0 /* RepositoryListViewModelTests.swift in Sources */,
				98BF869929B3109D00557CB0 /* LocalizedAlertError.swift in Sources */,
				98BF86AE29B32FCB00557CB0 /* ResponseTests.swift in Sources */,
				98BF86CB29B3346F00557CB0 /* GitHubAPIServiceTests.swift in Sources */,
			);
			runOnlyForDeploymentPostprocessing = 0;
		};
		98BF866029B1D86300557CB0 /* Sources */ = {
			isa = PBXSourcesBuildPhase;
			buildActionMask = 2147483647;
			files = (
				98BF869A29B3109D00557CB0 /* LocalizedAlertError.swift in Sources */,
				98BF869E29B311AD00557CB0 /* Views+Utils.swift in Sources */,
				98BF866B29B1D86300557CB0 /* GitHubRepositorySearcher_SwiftUIUITestsLaunchTests.swift in Sources */,
				98BF866929B1D86300557CB0 /* GitHubRepositorySearcher_SwiftUIUITests.swift in Sources */,
				988F92AC29B43AA800EF6C79 /* RepositoryListViewTests.swift in Sources */,
				988F92AE29B4414100EF6C79 /* RepositoryDetailViewTests.swift in Sources */,
				98BF86A729B32A6700557CB0 /* Loader.swift in Sources */,
			);
			runOnlyForDeploymentPostprocessing = 0;
		};
/* End PBXSourcesBuildPhase section */

/* Begin PBXTargetDependency section */
		98BF86B229B332A800557CB0 /* PBXTargetDependency */ = {
			isa = PBXTargetDependency;
			target = 98BF864929B1D86100557CB0 /* GitHubRepositorySearcher_SwiftUI */;
			targetProxy = 98BF86B129B332A800557CB0 /* PBXContainerItemProxy */;
		};
		98BF86B429B332AC00557CB0 /* PBXTargetDependency */ = {
			isa = PBXTargetDependency;
			target = 98BF864929B1D86100557CB0 /* GitHubRepositorySearcher_SwiftUI */;
			targetProxy = 98BF86B329B332AC00557CB0 /* PBXContainerItemProxy */;
		};
		98BF86D229B3351100557CB0 /* PBXTargetDependency */ = {
			isa = PBXTargetDependency;
			productRef = 98BF86D129B3351100557CB0 /* OHHTTPStubs */;
		};
		98BF86D429B3351100557CB0 /* PBXTargetDependency */ = {
			isa = PBXTargetDependency;
			productRef = 98BF86D329B3351100557CB0 /* OHHTTPStubsSwift */;
		};
/* End PBXTargetDependency section */

/* Begin XCBuildConfiguration section */
		98BF866C29B1D86300557CB0 /* Debug */ = {
			isa = XCBuildConfiguration;
			buildSettings = {
				ALWAYS_SEARCH_USER_PATHS = NO;
				CLANG_ANALYZER_NONNULL = YES;
				CLANG_ANALYZER_NUMBER_OBJECT_CONVERSION = YES_AGGRESSIVE;
				CLANG_CXX_LANGUAGE_STANDARD = "gnu++20";
				CLANG_ENABLE_MODULES = YES;
				CLANG_ENABLE_OBJC_ARC = YES;
				CLANG_ENABLE_OBJC_WEAK = YES;
				CLANG_WARN_BLOCK_CAPTURE_AUTORELEASING = YES;
				CLANG_WARN_BOOL_CONVERSION = YES;
				CLANG_WARN_COMMA = YES;
				CLANG_WARN_CONSTANT_CONVERSION = YES;
				CLANG_WARN_DEPRECATED_OBJC_IMPLEMENTATIONS = YES;
				CLANG_WARN_DIRECT_OBJC_ISA_USAGE = YES_ERROR;
				CLANG_WARN_DOCUMENTATION_COMMENTS = YES;
				CLANG_WARN_EMPTY_BODY = YES;
				CLANG_WARN_ENUM_CONVERSION = YES;
				CLANG_WARN_INFINITE_RECURSION = YES;
				CLANG_WARN_INT_CONVERSION = YES;
				CLANG_WARN_NON_LITERAL_NULL_CONVERSION = YES;
				CLANG_WARN_OBJC_IMPLICIT_RETAIN_SELF = YES;
				CLANG_WARN_OBJC_LITERAL_CONVERSION = YES;
				CLANG_WARN_OBJC_ROOT_CLASS = YES_ERROR;
				CLANG_WARN_QUOTED_INCLUDE_IN_FRAMEWORK_HEADER = YES;
				CLANG_WARN_RANGE_LOOP_ANALYSIS = YES;
				CLANG_WARN_STRICT_PROTOTYPES = YES;
				CLANG_WARN_SUSPICIOUS_MOVE = YES;
				CLANG_WARN_UNGUARDED_AVAILABILITY = YES_AGGRESSIVE;
				CLANG_WARN_UNREACHABLE_CODE = YES;
				CLANG_WARN__DUPLICATE_METHOD_MATCH = YES;
				COPY_PHASE_STRIP = NO;
				DEBUG_INFORMATION_FORMAT = dwarf;
				ENABLE_STRICT_OBJC_MSGSEND = YES;
				ENABLE_TESTABILITY = YES;
				GCC_C_LANGUAGE_STANDARD = gnu11;
				GCC_DYNAMIC_NO_PIC = NO;
				GCC_NO_COMMON_BLOCKS = YES;
				GCC_OPTIMIZATION_LEVEL = 0;
				GCC_PREPROCESSOR_DEFINITIONS = (
					"DEBUG=1",
					"$(inherited)",
				);
				GCC_WARN_64_TO_32_BIT_CONVERSION = YES;
				GCC_WARN_ABOUT_RETURN_TYPE = YES_ERROR;
				GCC_WARN_UNDECLARED_SELECTOR = YES;
				GCC_WARN_UNINITIALIZED_AUTOS = YES_AGGRESSIVE;
				GCC_WARN_UNUSED_FUNCTION = YES;
				GCC_WARN_UNUSED_VARIABLE = YES;
				IPHONEOS_DEPLOYMENT_TARGET = 16.0;
				MTL_ENABLE_DEBUG_INFO = INCLUDE_SOURCE;
				MTL_FAST_MATH = YES;
				ONLY_ACTIVE_ARCH = YES;
				SDKROOT = iphoneos;
				SWIFT_ACTIVE_COMPILATION_CONDITIONS = DEBUG;
				SWIFT_OPTIMIZATION_LEVEL = "-Onone";
			};
			name = Debug;
		};
		98BF866D29B1D86300557CB0 /* Release */ = {
			isa = XCBuildConfiguration;
			buildSettings = {
				ALWAYS_SEARCH_USER_PATHS = NO;
				CLANG_ANALYZER_NONNULL = YES;
				CLANG_ANALYZER_NUMBER_OBJECT_CONVERSION = YES_AGGRESSIVE;
				CLANG_CXX_LANGUAGE_STANDARD = "gnu++20";
				CLANG_ENABLE_MODULES = YES;
				CLANG_ENABLE_OBJC_ARC = YES;
				CLANG_ENABLE_OBJC_WEAK = YES;
				CLANG_WARN_BLOCK_CAPTURE_AUTORELEASING = YES;
				CLANG_WARN_BOOL_CONVERSION = YES;
				CLANG_WARN_COMMA = YES;
				CLANG_WARN_CONSTANT_CONVERSION = YES;
				CLANG_WARN_DEPRECATED_OBJC_IMPLEMENTATIONS = YES;
				CLANG_WARN_DIRECT_OBJC_ISA_USAGE = YES_ERROR;
				CLANG_WARN_DOCUMENTATION_COMMENTS = YES;
				CLANG_WARN_EMPTY_BODY = YES;
				CLANG_WARN_ENUM_CONVERSION = YES;
				CLANG_WARN_INFINITE_RECURSION = YES;
				CLANG_WARN_INT_CONVERSION = YES;
				CLANG_WARN_NON_LITERAL_NULL_CONVERSION = YES;
				CLANG_WARN_OBJC_IMPLICIT_RETAIN_SELF = YES;
				CLANG_WARN_OBJC_LITERAL_CONVERSION = YES;
				CLANG_WARN_OBJC_ROOT_CLASS = YES_ERROR;
				CLANG_WARN_QUOTED_INCLUDE_IN_FRAMEWORK_HEADER = YES;
				CLANG_WARN_RANGE_LOOP_ANALYSIS = YES;
				CLANG_WARN_STRICT_PROTOTYPES = YES;
				CLANG_WARN_SUSPICIOUS_MOVE = YES;
				CLANG_WARN_UNGUARDED_AVAILABILITY = YES_AGGRESSIVE;
				CLANG_WARN_UNREACHABLE_CODE = YES;
				CLANG_WARN__DUPLICATE_METHOD_MATCH = YES;
				COPY_PHASE_STRIP = NO;
				DEBUG_INFORMATION_FORMAT = "dwarf-with-dsym";
				ENABLE_NS_ASSERTIONS = NO;
				ENABLE_STRICT_OBJC_MSGSEND = YES;
				GCC_C_LANGUAGE_STANDARD = gnu11;
				GCC_NO_COMMON_BLOCKS = YES;
				GCC_WARN_64_TO_32_BIT_CONVERSION = YES;
				GCC_WARN_ABOUT_RETURN_TYPE = YES_ERROR;
				GCC_WARN_UNDECLARED_SELECTOR = YES;
				GCC_WARN_UNINITIALIZED_AUTOS = YES_AGGRESSIVE;
				GCC_WARN_UNUSED_FUNCTION = YES;
				GCC_WARN_UNUSED_VARIABLE = YES;
				IPHONEOS_DEPLOYMENT_TARGET = 16.0;
				MTL_ENABLE_DEBUG_INFO = NO;
				MTL_FAST_MATH = YES;
				SDKROOT = iphoneos;
				SWIFT_COMPILATION_MODE = wholemodule;
				SWIFT_OPTIMIZATION_LEVEL = "-O";
				VALIDATE_PRODUCT = YES;
			};
			name = Release;
		};
		98BF866F29B1D86300557CB0 /* Debug */ = {
			isa = XCBuildConfiguration;
			buildSettings = {
				ASSETCATALOG_COMPILER_APPICON_NAME = AppIcon;
				ASSETCATALOG_COMPILER_GLOBAL_ACCENT_COLOR_NAME = AccentColor;
				CODE_SIGN_STYLE = Automatic;
				CURRENT_PROJECT_VERSION = 1;
				DEVELOPMENT_ASSET_PATHS = "\"GitHubRepositorySearcher_SwiftUI/Preview Content\"";
				DEVELOPMENT_TEAM = U572Q7GJ6L;
				ENABLE_PREVIEWS = YES;
				GENERATE_INFOPLIST_FILE = YES;
				INFOPLIST_FILE = "GitHubRepositorySearcher-SwiftUI-Info.plist";
				INFOPLIST_KEY_UIApplicationSupportsIndirectInputEvents = YES;
				INFOPLIST_KEY_UILaunchScreen_Generation = YES;
				INFOPLIST_KEY_UISupportedInterfaceOrientations = UIInterfaceOrientationPortrait;
				LD_RUNPATH_SEARCH_PATHS = (
					"$(inherited)",
					"@executable_path/Frameworks",
				);
				MARKETING_VERSION = 1.0;
				PRODUCT_BUNDLE_IDENTIFIER = "itsuki.GitHubRepositorySearcher-SwiftUI";
				PRODUCT_NAME = "$(TARGET_NAME)";
				SWIFT_EMIT_LOC_STRINGS = YES;
				SWIFT_VERSION = 5.0;
				TARGETED_DEVICE_FAMILY = "1,2";
			};
			name = Debug;
		};
		98BF867029B1D86300557CB0 /* Release */ = {
			isa = XCBuildConfiguration;
			buildSettings = {
				ASSETCATALOG_COMPILER_APPICON_NAME = AppIcon;
				ASSETCATALOG_COMPILER_GLOBAL_ACCENT_COLOR_NAME = AccentColor;
				CODE_SIGN_STYLE = Automatic;
				CURRENT_PROJECT_VERSION = 1;
				DEVELOPMENT_ASSET_PATHS = "\"GitHubRepositorySearcher_SwiftUI/Preview Content\"";
				DEVELOPMENT_TEAM = U572Q7GJ6L;
				ENABLE_PREVIEWS = YES;
				GENERATE_INFOPLIST_FILE = YES;
				INFOPLIST_FILE = "GitHubRepositorySearcher-SwiftUI-Info.plist";
				INFOPLIST_KEY_UIApplicationSupportsIndirectInputEvents = YES;
				INFOPLIST_KEY_UILaunchScreen_Generation = YES;
				INFOPLIST_KEY_UISupportedInterfaceOrientations = UIInterfaceOrientationPortrait;
				LD_RUNPATH_SEARCH_PATHS = (
					"$(inherited)",
					"@executable_path/Frameworks",
				);
				MARKETING_VERSION = 1.0;
				PRODUCT_BUNDLE_IDENTIFIER = "itsuki.GitHubRepositorySearcher-SwiftUI";
				PRODUCT_NAME = "$(TARGET_NAME)";
				SWIFT_EMIT_LOC_STRINGS = YES;
				SWIFT_VERSION = 5.0;
				TARGETED_DEVICE_FAMILY = "1,2";
			};
			name = Release;
		};
		98BF867229B1D86300557CB0 /* Debug */ = {
			isa = XCBuildConfiguration;
			buildSettings = {
				ALWAYS_EMBED_SWIFT_STANDARD_LIBRARIES = YES;
				BUNDLE_LOADER = "$(TEST_HOST)";
				CODE_SIGN_STYLE = Automatic;
				CURRENT_PROJECT_VERSION = 1;
				DEVELOPMENT_TEAM = U572Q7GJ6L;
				GENERATE_INFOPLIST_FILE = YES;
				IPHONEOS_DEPLOYMENT_TARGET = 16.2;
				MARKETING_VERSION = 1.0;
				PRODUCT_BUNDLE_IDENTIFIER = "itsuki.GitHubRepositorySearcher-SwiftUITests";
				PRODUCT_NAME = "$(TARGET_NAME)";
				SWIFT_EMIT_LOC_STRINGS = NO;
				SWIFT_VERSION = 5.0;
				TARGETED_DEVICE_FAMILY = "1,2";
				TEST_HOST = "$(BUILT_PRODUCTS_DIR)/GitHubRepositorySearcher_SwiftUI.app/$(BUNDLE_EXECUTABLE_FOLDER_PATH)/GitHubRepositorySearcher_SwiftUI";
			};
			name = Debug;
		};
		98BF867329B1D86300557CB0 /* Release */ = {
			isa = XCBuildConfiguration;
			buildSettings = {
				ALWAYS_EMBED_SWIFT_STANDARD_LIBRARIES = YES;
				BUNDLE_LOADER = "$(TEST_HOST)";
				CODE_SIGN_STYLE = Automatic;
				CURRENT_PROJECT_VERSION = 1;
				DEVELOPMENT_TEAM = U572Q7GJ6L;
				GENERATE_INFOPLIST_FILE = YES;
				IPHONEOS_DEPLOYMENT_TARGET = 16.2;
				MARKETING_VERSION = 1.0;
				PRODUCT_BUNDLE_IDENTIFIER = "itsuki.GitHubRepositorySearcher-SwiftUITests";
				PRODUCT_NAME = "$(TARGET_NAME)";
				SWIFT_EMIT_LOC_STRINGS = NO;
				SWIFT_VERSION = 5.0;
				TARGETED_DEVICE_FAMILY = "1,2";
				TEST_HOST = "$(BUILT_PRODUCTS_DIR)/GitHubRepositorySearcher_SwiftUI.app/$(BUNDLE_EXECUTABLE_FOLDER_PATH)/GitHubRepositorySearcher_SwiftUI";
			};
			name = Release;
		};
		98BF867529B1D86300557CB0 /* Debug */ = {
			isa = XCBuildConfiguration;
			buildSettings = {
				ALWAYS_EMBED_SWIFT_STANDARD_LIBRARIES = YES;
				CODE_SIGN_STYLE = Automatic;
				CURRENT_PROJECT_VERSION = 1;
				DEVELOPMENT_TEAM = U572Q7GJ6L;
				GENERATE_INFOPLIST_FILE = YES;
				MARKETING_VERSION = 1.0;
				PRODUCT_BUNDLE_IDENTIFIER = "itsuki.GitHubRepositorySearcher-SwiftUIUITests";
				PRODUCT_NAME = "$(TARGET_NAME)";
				SWIFT_EMIT_LOC_STRINGS = NO;
				SWIFT_VERSION = 5.0;
				TARGETED_DEVICE_FAMILY = "1,2";
				TEST_TARGET_NAME = GitHubRepositorySearcher_SwiftUI;
			};
			name = Debug;
		};
		98BF867629B1D86300557CB0 /* Release */ = {
			isa = XCBuildConfiguration;
			buildSettings = {
				ALWAYS_EMBED_SWIFT_STANDARD_LIBRARIES = YES;
				CODE_SIGN_STYLE = Automatic;
				CURRENT_PROJECT_VERSION = 1;
				DEVELOPMENT_TEAM = U572Q7GJ6L;
				GENERATE_INFOPLIST_FILE = YES;
				MARKETING_VERSION = 1.0;
				PRODUCT_BUNDLE_IDENTIFIER = "itsuki.GitHubRepositorySearcher-SwiftUIUITests";
				PRODUCT_NAME = "$(TARGET_NAME)";
				SWIFT_EMIT_LOC_STRINGS = NO;
				SWIFT_VERSION = 5.0;
				TARGETED_DEVICE_FAMILY = "1,2";
				TEST_TARGET_NAME = GitHubRepositorySearcher_SwiftUI;
			};
			name = Release;
		};
/* End XCBuildConfiguration section */

/* Begin XCConfigurationList section */
		98BF864529B1D86100557CB0 /* Build configuration list for PBXProject "GitHubRepositorySearcher_SwiftUI" */ = {
			isa = XCConfigurationList;
			buildConfigurations = (
				98BF866C29B1D86300557CB0 /* Debug */,
				98BF866D29B1D86300557CB0 /* Release */,
			);
			defaultConfigurationIsVisible = 0;
			defaultConfigurationName = Release;
		};
		98BF866E29B1D86300557CB0 /* Build configuration list for PBXNativeTarget "GitHubRepositorySearcher_SwiftUI" */ = {
			isa = XCConfigurationList;
			buildConfigurations = (
				98BF866F29B1D86300557CB0 /* Debug */,
				98BF867029B1D86300557CB0 /* Release */,
			);
			defaultConfigurationIsVisible = 0;
			defaultConfigurationName = Release;
		};
		98BF867129B1D86300557CB0 /* Build configuration list for PBXNativeTarget "GitHubRepositorySearcher_SwiftUITests" */ = {
			isa = XCConfigurationList;
			buildConfigurations = (
				98BF867229B1D86300557CB0 /* Debug */,
				98BF867329B1D86300557CB0 /* Release */,
			);
			defaultConfigurationIsVisible = 0;
			defaultConfigurationName = Release;
		};
		98BF867429B1D86300557CB0 /* Build configuration list for PBXNativeTarget "GitHubRepositorySearcher_SwiftUIUITests" */ = {
			isa = XCConfigurationList;
			buildConfigurations = (
				98BF867529B1D86300557CB0 /* Debug */,
				98BF867629B1D86300557CB0 /* Release */,
			);
			defaultConfigurationIsVisible = 0;
			defaultConfigurationName = Release;
		};
/* End XCConfigurationList section */

/* Begin XCRemoteSwiftPackageReference section */
		98BF86CC29B334E300557CB0 /* XCRemoteSwiftPackageReference "OHHTTPStubs" */ = {
			isa = XCRemoteSwiftPackageReference;
			repositoryURL = "https://github.com/AliSoftware/OHHTTPStubs.git";
			requirement = {
				kind = upToNextMajorVersion;
				minimumVersion = 9.0.0;
			};
		};
		98BF86E129B3EE9E00557CB0 /* XCRemoteSwiftPackageReference "OHHTTPStubs" */ = {
			isa = XCRemoteSwiftPackageReference;
			repositoryURL = "https://github.com/AliSoftware/OHHTTPStubs.git";
			requirement = {
				kind = upToNextMajorVersion;
				minimumVersion = 9.0.0;
			};
		};
/* End XCRemoteSwiftPackageReference section */

/* Begin XCSwiftPackageProductDependency section */
		98BF86D129B3351100557CB0 /* OHHTTPStubs */ = {
			isa = XCSwiftPackageProductDependency;
			package = 98BF86CC29B334E300557CB0 /* XCRemoteSwiftPackageReference "OHHTTPStubs" */;
			productName = OHHTTPStubs;
		};
		98BF86D329B3351100557CB0 /* OHHTTPStubsSwift */ = {
			isa = XCSwiftPackageProductDependency;
			package = 98BF86CC29B334E300557CB0 /* XCRemoteSwiftPackageReference "OHHTTPStubs" */;
			productName = OHHTTPStubsSwift;
		};
		98BF86E229B3EE9E00557CB0 /* OHHTTPStubs */ = {
			isa = XCSwiftPackageProductDependency;
			package = 98BF86E129B3EE9E00557CB0 /* XCRemoteSwiftPackageReference "OHHTTPStubs" */;
			productName = OHHTTPStubs;
		};
		98BF86E429B3EE9E00557CB0 /* OHHTTPStubsSwift */ = {
			isa = XCSwiftPackageProductDependency;
			package = 98BF86E129B3EE9E00557CB0 /* XCRemoteSwiftPackageReference "OHHTTPStubs" */;
			productName = OHHTTPStubsSwift;
		};
/* End XCSwiftPackageProductDependency section */
	};
	rootObject = 98BF864229B1D86100557CB0 /* Project object */;
}
